
Microsoft Visual Studio Solution File, Format Version 12.00
# Visual Studio 15
VisualStudioVersion = 15.0.26124.0
MinimumVisualStudioVersion = 15.0.26124.0
Project("{2150E333-8FDC-42A3-9474-1A3956D46DE8}") = "src", "src", "{6EFFB804-5165-4EB7-8F80-2EABBE42DBE3}"
EndProject
Project("{FAE04EC0-301F-11D3-BF4B-00C04F79EFBC}") = "PalTracker", "src\PalTracker\PalTracker.csproj", "{99EA27D3-5170-4699-8DBF-94AC909129CA}"
EndProject
Project("{2150E333-8FDC-42A3-9474-1A3956D46DE8}") = "test", "test", "{CB6A9011-D3E5-49B2-8FC8-760F1FE7B17C}"
EndProject
Project("{FAE04EC0-301F-11D3-BF4B-00C04F79EFBC}") = "PalTrackerTests", "test\PalTrackerTests\PalTrackerTests.csproj", "{C5FC58EC-5A02-417A-9D7B-D1FBFB43E374}"
EndProject
Global
	GlobalSection(SolutionConfigurationPlatforms) = preSolution
		Debug|Any CPU = Debug|Any CPU
		Debug|x64 = Debug|x64
		Debug|x86 = Debug|x86
		Release|Any CPU = Release|Any CPU
		Release|x64 = Release|x64
		Release|x86 = Release|x86
	EndGlobalSection
	GlobalSection(SolutionProperties) = preSolution
		HideSolutionNode = FALSE
	EndGlobalSection
	GlobalSection(ProjectConfigurationPlatforms) = postSolution
		{99EA27D3-5170-4699-8DBF-94AC909129CA}.Debug|Any CPU.ActiveCfg = Debug|Any CPU
		{99EA27D3-5170-4699-8DBF-94AC909129CA}.Debug|Any CPU.Build.0 = Debug|Any CPU
		{99EA27D3-5170-4699-8DBF-94AC909129CA}.Debug|x64.ActiveCfg = Debug|Any CPU
		{99EA27D3-5170-4699-8DBF-94AC909129CA}.Debug|x64.Build.0 = Debug|Any CPU
		{99EA27D3-5170-4699-8DBF-94AC909129CA}.Debug|x86.ActiveCfg = Debug|Any CPU
		{99EA27D3-5170-4699-8DBF-94AC909129CA}.Debug|x86.Build.0 = Debug|Any CPU
		{99EA27D3-5170-4699-8DBF-94AC909129CA}.Release|Any CPU.ActiveCfg = Release|Any CPU
		{99EA27D3-5170-4699-8DBF-94AC909129CA}.Release|Any CPU.Build.0 = Release|Any CPU
		{99EA27D3-5170-4699-8DBF-94AC909129CA}.Release|x64.ActiveCfg = Release|Any CPU
		{99EA27D3-5170-4699-8DBF-94AC909129CA}.Release|x64.Build.0 = Release|Any CPU
		{99EA27D3-5170-4699-8DBF-94AC909129CA}.Release|x86.ActiveCfg = Release|Any CPU
		{99EA27D3-5170-4699-8DBF-94AC909129CA}.Release|x86.Build.0 = Release|Any CPU
		{C5FC58EC-5A02-417A-9D7B-D1FBFB43E374}.Debug|Any CPU.ActiveCfg = Debug|Any CPU
		{C5FC58EC-5A02-417A-9D7B-D1FBFB43E374}.Debug|Any CPU.Build.0 = Debug|Any CPU
		{C5FC58EC-5A02-417A-9D7B-D1FBFB43E374}.Debug|x64.ActiveCfg = Debug|Any CPU
		{C5FC58EC-5A02-417A-9D7B-D1FBFB43E374}.Debug|x64.Build.0 = Debug|Any CPU
		{C5FC58EC-5A02-417A-9D7B-D1FBFB43E374}.Debug|x86.ActiveCfg = Debug|Any CPU
		{C5FC58EC-5A02-417A-9D7B-D1FBFB43E374}.Debug|x86.Build.0 = Debug|Any CPU
		{C5FC58EC-5A02-417A-9D7B-D1FBFB43E374}.Release|Any CPU.ActiveCfg = Release|Any CPU
		{C5FC58EC-5A02-417A-9D7B-D1FBFB43E374}.Release|Any CPU.Build.0 = Release|Any CPU
		{C5FC58EC-5A02-417A-9D7B-D1FBFB43E374}.Release|x64.ActiveCfg = Release|Any CPU
		{C5FC58EC-5A02-417A-9D7B-D1FBFB43E374}.Release|x64.Build.0 = Release|Any CPU
		{C5FC58EC-5A02-417A-9D7B-D1FBFB43E374}.Release|x86.ActiveCfg = Release|Any CPU
		{C5FC58EC-5A02-417A-9D7B-D1FBFB43E374}.Release|x86.Build.0 = Release|Any CPU
	EndGlobalSection
	GlobalSection(NestedProjects) = preSolution
		{99EA27D3-5170-4699-8DBF-94AC909129CA} = {6EFFB804-5165-4EB7-8F80-2EABBE42DBE3}
		{C5FC58EC-5A02-417A-9D7B-D1FBFB43E374} = {CB6A9011-D3E5-49B2-8FC8-760F1FE7B17C}
	EndGlobalSection
EndGlobal
